
Microsoft Visual Studio Solution File, Format Version 12.00
# Visual Studio Version 16
VisualStudioVersion = 16.0.31729.503
MinimumVisualStudioVersion = 10.0.40219.1
Project("{FAE04EC0-301F-11D3-BF4B-00C04F79EFBC}") = "ConsoleApp", "ConsoleApp\ConsoleApp.csproj", "{BCC2FB4D-1FE4-40DC-B00A-6DB8F0FEE62F}"
EndProject
Global
	GlobalSection(SolutionConfigurationPlatforms) = preSolution
		Debug|Any CPU = Debug|Any CPU
		Release|Any CPU = Release|Any CPU
	EndGlobalSection
	GlobalSection(ProjectConfigurationPlatforms) = postSolution
		{BCC2FB4D-1FE4-40DC-B00A-6DB8F0FEE62F}.Debug|Any CPU.ActiveCfg = Debug|Any CPU
		{BCC2FB4D-1FE4-40DC-B00A-6DB8F0FEE62F}.Debug|Any CPU.Build.0 = Debug|Any CPU
		{BCC2FB4D-1FE4-40DC-B00A-6DB8F0FEE62F}.Release|Any CPU.ActiveCfg = Release|Any CPU
		{BCC2FB4D-1FE4-40DC-B00A-6DB8F0FEE62F}.Release|Any CPU.Build.0 = Release|Any CPU
	EndGlobalSection
	GlobalSection(SolutionProperties) = preSolution
		HideSolutionNode = FALSE
	EndGlobalSection
	GlobalSection(ExtensibilityGlobals) = postSolution
		SolutionGuid = {4CD53788-2127-477F-B66F-921B52F47067}
	EndGlobalSection
EndGlobal
